// !$*UTF8*$!
{
	archiveVersion = 1;
	classes = {
	};
	objectVersion = 46;
	objects = {

/* Begin PBXBuildFile section */
		3B6E6A091A446A7A00C3CFB6 /* main.m in Sources */ = {isa = PBXBuildFile; fileRef = 3B6E6A081A446A7A00C3CFB6 /* main.m */; };
		3B6E6A0C1A446A7A00C3CFB6 /* AppDelegate.m in Sources */ = {isa = PBXBuildFile; fileRef = 3B6E6A0B1A446A7A00C3CFB6 /* AppDelegate.m */; };
		3B6E6A0F1A446A7A00C3CFB6 /* ViewController.m in Sources */ = {isa = PBXBuildFile; fileRef = 3B6E6A0E1A446A7A00C3CFB6 /* ViewController.m */; };
		3B6E6A121A446A7A00C3CFB6 /* Main.storyboard in Resources */ = {isa = PBXBuildFile; fileRef = 3B6E6A101A446A7A00C3CFB6 /* Main.storyboard */; };
		3B6E6A141A446A7A00C3CFB6 /* Images.xcassets in Resources */ = {isa = PBXBuildFile; fileRef = 3B6E6A131A446A7A00C3CFB6 /* Images.xcassets */; };
		3B6E6A171A446A7A00C3CFB6 /* LaunchScreen.xib in Resources */ = {isa = PBXBuildFile; fileRef = 3B6E6A151A446A7A00C3CFB6 /* LaunchScreen.xib */; };
		3B6E6A231A446A7A00C3CFB6 /* SalahTimeTests.m in Sources */ = {isa = PBXBuildFile; fileRef = 3B6E6A221A446A7A00C3CFB6 /* SalahTimeTests.m */; };
		3B6E6A2F1A446AAF00C3CFB6 /* PrayTime.m in Sources */ = {isa = PBXBuildFile; fileRef = 3B6E6A2E1A446AAF00C3CFB6 /* PrayTime.m */; };
/* End PBXBuildFile section */

/* Begin PBXContainerItemProxy section */
		3B6E6A1D1A446A7A00C3CFB6 /* PBXContainerItemProxy */ = {
			isa = PBXContainerItemProxy;
			containerPortal = 3B6E69FB1A446A7900C3CFB6 /* Project object */;
			proxyType = 1;
			remoteGlobalIDString = 3B6E6A021A446A7A00C3CFB6;
			remoteInfo = SalahTime;
		};
/* End PBXContainerItemProxy section */

/* Begin PBXFileReference section */
		3B6E6A031A446A7A00C3CFB6 /* SalahTime.app */ = {isa = PBXFileReference; explicitFileType = wrapper.application; includeInIndex = 0; path = SalahTime.app; sourceTree = BUILT_PRODUCTS_DIR; };
		3B6E6A071A446A7A00C3CFB6 /* Info.plist */ = {isa = PBXFileReference; lastKnownFileType = text.plist.xml; path = Info.plist; sourceTree = "<group>"; };
		3B6E6A081A446A7A00C3CFB6 /* main.m */ = {isa = PBXFileReference; lastKnownFileType = sourcecode.c.objc; path = main.m; sourceTree = "<group>"; };
		3B6E6A0A1A446A7A00C3CFB6 /* AppDelegate.h */ = {isa = PBXFileReference; lastKnownFileType = sourcecode.c.h; path = AppDelegate.h; sourceTree = "<group>"; };
		3B6E6A0B1A446A7A00C3CFB6 /* AppDelegate.m */ = {isa = PBXFileReference; lastKnownFileType = sourcecode.c.objc; path = AppDelegate.m; sourceTree = "<group>"; };
		3B6E6A0D1A446A7A00C3CFB6 /* ViewController.h */ = {isa = PBXFileReference; lastKnownFileType = sourcecode.c.h; path = ViewController.h; sourceTree = "<group>"; };
		3B6E6A0E1A446A7A00C3CFB6 /* ViewController.m */ = {isa = PBXFileReference; lastKnownFileType = sourcecode.c.objc; path = ViewController.m; sourceTree = "<group>"; };
		3B6E6A111A446A7A00C3CFB6 /* Base */ = {isa = PBXFileReference; lastKnownFileType = file.storyboard; name = Base; path = Base.lproj/Main.storyboard; sourceTree = "<group>"; };
		3B6E6A131A446A7A00C3CFB6 /* Images.xcassets */ = {isa = PBXFileReference; lastKnownFileType = folder.assetcatalog; path = Images.xcassets; sourceTree = "<group>"; };
		3B6E6A161A446A7A00C3CFB6 /* Base */ = {isa = PBXFileReference; lastKnownFileType = file.xib; name = Base; path = Base.lproj/LaunchScreen.xib; sourceTree = "<group>"; };
		3B6E6A1C1A446A7A00C3CFB6 /* SalahTimeTests.xctest */ = {isa = PBXFileReference; explicitFileType = wrapper.cfbundle; includeInIndex = 0; path = SalahTimeTests.xctest; sourceTree = BUILT_PRODUCTS_DIR; };
		3B6E6A211A446A7A00C3CFB6 /* Info.plist */ = {isa = PBXFileReference; lastKnownFileType = text.plist.xml; path = Info.plist; sourceTree = "<group>"; };
		3B6E6A221A446A7A00C3CFB6 /* SalahTimeTests.m */ = {isa = PBXFileReference; lastKnownFileType = sourcecode.c.objc; path = SalahTimeTests.m; sourceTree = "<group>"; };
		3B6E6A2D1A446AAF00C3CFB6 /* PrayTime.h */ = {isa = PBXFileReference; fileEncoding = 4; lastKnownFileType = sourcecode.c.h; path = PrayTime.h; sourceTree = "<group>"; };
		3B6E6A2E1A446AAF00C3CFB6 /* PrayTime.m */ = {isa = PBXFileReference; fileEncoding = 4; lastKnownFileType = sourcecode.c.objc; path = PrayTime.m; sourceTree = "<group>"; };
/* End PBXFileReference section */

/* Begin PBXFrameworksBuildPhase section */
		3B6E6A001A446A7A00C3CFB6 /* Frameworks */ = {
			isa = PBXFrameworksBuildPhase;
			buildActionMask = 2147483647;
			files = (
			);
			runOnlyForDeploymentPostprocessing = 0;
		};
		3B6E6A191A446A7A00C3CFB6 /* Frameworks */ = {
			isa = PBXFrameworksBuildPhase;
			buildActionMask = 2147483647;
			files = (
			);
			runOnlyForDeploymentPostprocessing = 0;
		};
/* End PBXFrameworksBuildPhase section */

/* Begin PBXGroup section */
		3B6E69FA1A446A7900C3CFB6 = {
			isa = PBXGroup;
			children = (
				3B6E6A051A446A7A00C3CFB6 /* SalahTime */,
				3B6E6A1F1A446A7A00C3CFB6 /* SalahTimeTests */,
				3B6E6A041A446A7A00C3CFB6 /* Products */,
			);
			sourceTree = "<group>";
		};
		3B6E6A041A446A7A00C3CFB6 /* Products */ = {
			isa = PBXGroup;
			children = (
				3B6E6A031A446A7A00C3CFB6 /* SalahTime.app */,
				3B6E6A1C1A446A7A00C3CFB6 /* SalahTimeTests.xctest */,
			);
			name = Products;
			sourceTree = "<group>";
		};
		3B6E6A051A446A7A00C3CFB6 /* SalahTime */ = {
			isa = PBXGroup;
			children = (
				3B6E6A2C1A446A8E00C3CFB6 /* PrayerTimeKit */,
				3B6E6A0A1A446A7A00C3CFB6 /* AppDelegate.h */,
				3B6E6A0B1A446A7A00C3CFB6 /* AppDelegate.m */,
				3B6E6A0D1A446A7A00C3CFB6 /* ViewController.h */,
				3B6E6A0E1A446A7A00C3CFB6 /* ViewController.m */,
				3B6E6A101A446A7A00C3CFB6 /* Main.storyboard */,
				3B6E6A131A446A7A00C3CFB6 /* Images.xcassets */,
				3B6E6A151A446A7A00C3CFB6 /* LaunchScreen.xib */,
				3B6E6A061A446A7A00C3CFB6 /* Supporting Files */,
			);
			path = SalahTime;
			sourceTree = "<group>";
		};
		3B6E6A061A446A7A00C3CFB6 /* Supporting Files */ = {
			isa = PBXGroup;
			children = (
				3B6E6A071A446A7A00C3CFB6 /* Info.plist */,
				3B6E6A081A446A7A00C3CFB6 /* main.m */,
			);
			name = "Supporting Files";
			sourceTree = "<group>";
		};
		3B6E6A1F1A446A7A00C3CFB6 /* SalahTimeTests */ = {
			isa = PBXGroup;
			children = (
				3B6E6A221A446A7A00C3CFB6 /* SalahTimeTests.m */,
				3B6E6A201A446A7A00C3CFB6 /* Supporting Files */,
			);
			path = SalahTimeTests;
			sourceTree = "<group>";
		};
		3B6E6A201A446A7A00C3CFB6 /* Supporting Files */ = {
			isa = PBXGroup;
			children = (
				3B6E6A211A446A7A00C3CFB6 /* Info.plist */,
			);
			name = "Supporting Files";
			sourceTree = "<group>";
		};
		3B6E6A2C1A446A8E00C3CFB6 /* PrayerTimeKit */ = {
			isa = PBXGroup;
			children = (
				3B6E6A2D1A446AAF00C3CFB6 /* PrayTime.h */,
				3B6E6A2E1A446AAF00C3CFB6 /* PrayTime.m */,
			);
			path = PrayerTimeKit;
			sourceTree = "<group>";
		};
/* End PBXGroup section */

/* Begin PBXNativeTarget section */
		3B6E6A021A446A7A00C3CFB6 /* SalahTime */ = {
			isa = PBXNativeTarget;
			buildConfigurationList = 3B6E6A261A446A7A00C3CFB6 /* Build configuration list for PBXNativeTarget "SalahTime" */;
			buildPhases = (
				3B6E69FF1A446A7A00C3CFB6 /* Sources */,
				3B6E6A001A446A7A00C3CFB6 /* Frameworks */,
				3B6E6A011A446A7A00C3CFB6 /* Resources */,
			);
			buildRules = (
			);
			dependencies = (
			);
			name = SalahTime;
			productName = SalahTime;
			productReference = 3B6E6A031A446A7A00C3CFB6 /* SalahTime.app */;
			productType = "com.apple.product-type.application";
		};
		3B6E6A1B1A446A7A00C3CFB6 /* SalahTimeTests */ = {
			isa = PBXNativeTarget;
			buildConfigurationList = 3B6E6A291A446A7A00C3CFB6 /* Build configuration list for PBXNativeTarget "SalahTimeTests" */;
			buildPhases = (
				3B6E6A181A446A7A00C3CFB6 /* Sources */,
				3B6E6A191A446A7A00C3CFB6 /* Frameworks */,
				3B6E6A1A1A446A7A00C3CFB6 /* Resources */,
			);
			buildRules = (
			);
			dependencies = (
				3B6E6A1E1A446A7A00C3CFB6 /* PBXTargetDependency */,
			);
			name = SalahTimeTests;
			productName = SalahTimeTests;
			productReference = 3B6E6A1C1A446A7A00C3CFB6 /* SalahTimeTests.xctest */;
			productType = "com.apple.product-type.bundle.unit-test";
		};
/* End PBXNativeTarget section */

/* Begin PBXProject section */
		3B6E69FB1A446A7900C3CFB6 /* Project object */ = {
			isa = PBXProject;
			attributes = {
				LastUpgradeCheck = 0610;
				ORGANIZATIONNAME = WNeeds;
				TargetAttributes = {
					3B6E6A021A446A7A00C3CFB6 = {
						CreatedOnToolsVersion = 6.1.1;
					};
					3B6E6A1B1A446A7A00C3CFB6 = {
						CreatedOnToolsVersion = 6.1.1;
						TestTargetID = 3B6E6A021A446A7A00C3CFB6;
					};
				};
			};
			buildConfigurationList = 3B6E69FE1A446A7900C3CFB6 /* Build configuration list for PBXProject "SalahTime" */;
			compatibilityVersion = "Xcode 3.2";
			developmentRegion = English;
			hasScannedForEncodings = 0;
			knownRegions = (
				en,
				Base,
			);
			mainGroup = 3B6E69FA1A446A7900C3CFB6;
			productRefGroup = 3B6E6A041A446A7A00C3CFB6 /* Products */;
			projectDirPath = "";
			projectRoot = "";
			targets = (
				3B6E6A021A446A7A00C3CFB6 /* SalahTime */,
				3B6E6A1B1A446A7A00C3CFB6 /* SalahTimeTests */,
			);
		};
/* End PBXProject section */

/* Begin PBXResourcesBuildPhase section */
		3B6E6A011A446A7A00C3CFB6 /* Resources */ = {
			isa = PBXResourcesBuildPhase;
			buildActionMask = 2147483647;
			files = (
				3B6E6A121A446A7A00C3CFB6 /* Main.storyboard in Resources */,
				3B6E6A171A446A7A00C3CFB6 /* LaunchScreen.xib in Resources */,
				3B6E6A141A446A7A00C3CFB6 /* Images.xcassets in Resources */,
			);
			runOnlyForDeploymentPostprocessing = 0;
		};
		3B6E6A1A1A446A7A00C3CFB6 /* Resources */ = {
			isa = PBXResourcesBuildPhase;
			buildActionMask = 2147483647;
			files = (
			);
			runOnlyForDeploymentPostprocessing = 0;
		};
/* End PBXResourcesBuildPhase section */

/* Begin PBXSourcesBuildPhase section */
		3B6E69FF1A446A7A00C3CFB6 /* Sources */ = {
			isa = PBXSourcesBuildPhase;
			buildActionMask = 2147483647;
			files = (
				3B6E6A2F1A446AAF00C3CFB6 /* PrayTime.m in Sources */,
				3B6E6A0F1A446A7A00C3CFB6 /* ViewController.m in Sources */,
				3B6E6A0C1A446A7A00C3CFB6 /* AppDelegate.m in Sources */,
				3B6E6A091A446A7A00C3CFB6 /* main.m in Sources */,
			);
			runOnlyForDeploymentPostprocessing = 0;
		};
		3B6E6A181A446A7A00C3CFB6 /* Sources */ = {
			isa = PBXSourcesBuildPhase;
			buildActionMask = 2147483647;
			files = (
				3B6E6A231A446A7A00C3CFB6 /* SalahTimeTests.m in Sources */,
			);
			runOnlyForDeploymentPostprocessing = 0;
		};
/* End PBXSourcesBuildPhase section */

/* Begin PBXTargetDependency section */
		3B6E6A1E1A446A7A00C3CFB6 /* PBXTargetDependency */ = {
			isa = PBXTargetDependency;
			target = 3B6E6A021A446A7A00C3CFB6 /* SalahTime */;
			targetProxy = 3B6E6A1D1A446A7A00C3CFB6 /* PBXContainerItemProxy */;
		};
/* End PBXTargetDependency section */

/* Begin PBXVariantGroup section */
		3B6E6A101A446A7A00C3CFB6 /* Main.storyboard */ = {
			isa = PBXVariantGroup;
			children = (
				3B6E6A111A446A7A00C3CFB6 /* Base */,
			);
			name = Main.storyboard;
			sourceTree = "<group>";
		};
		3B6E6A151A446A7A00C3CFB6 /* LaunchScreen.xib */ = {
			isa = PBXVariantGroup;
			children = (
				3B6E6A161A446A7A00C3CFB6 /* Base */,
			);
			name = LaunchScreen.xib;
			sourceTree = "<group>";
		};
/* End PBXVariantGroup section */

/* Begin XCBuildConfiguration section */
		3B6E6A241A446A7A00C3CFB6 /* Debug */ = {
			isa = XCBuildConfiguration;
			buildSettings = {
				ALWAYS_SEARCH_USER_PATHS = NO;
				CLANG_CXX_LANGUAGE_STANDARD = "gnu++0x";
				CLANG_CXX_LIBRARY = "libc++";
				CLANG_ENABLE_MODULES = YES;
				CLANG_ENABLE_OBJC_ARC = YES;
				CLANG_WARN_BOOL_CONVERSION = YES;
				CLANG_WARN_CONSTANT_CONVERSION = YES;
				CLANG_WARN_DIRECT_OBJC_ISA_USAGE = YES_ERROR;
				CLANG_WARN_EMPTY_BODY = YES;
				CLANG_WARN_ENUM_CONVERSION = YES;
				CLANG_WARN_INT_CONVERSION = YES;
				CLANG_WARN_OBJC_ROOT_CLASS = YES_ERROR;
				CLANG_WARN_UNREACHABLE_CODE = YES;
				CLANG_WARN__DUPLICATE_METHOD_MATCH = YES;
				"CODE_SIGN_IDENTITY[sdk=iphoneos*]" = "iPhone Developer";
				COPY_PHASE_STRIP = NO;
				ENABLE_STRICT_OBJC_MSGSEND = YES;
				GCC_C_LANGUAGE_STANDARD = gnu99;
				GCC_DYNAMIC_NO_PIC = NO;
				GCC_OPTIMIZATION_LEVEL = 0;
				GCC_PREPROCESSOR_DEFINITIONS = (
					"DEBUG=1",
					"$(inherited)",
				);
				GCC_SYMBOLS_PRIVATE_EXTERN = NO;
				GCC_WARN_64_TO_32_BIT_CONVERSION = YES;
				GCC_WARN_ABOUT_RETURN_TYPE = YES_ERROR;
				GCC_WARN_UNDECLARED_SELECTOR = YES;
				GCC_WARN_UNINITIALIZED_AUTOS = YES_AGGRESSIVE;
				GCC_WARN_UNUSED_FUNCTION = YES;
				GCC_WARN_UNUSED_VARIABLE = YES;
				IPHONEOS_DEPLOYMENT_TARGET = 8.1;
				MTL_ENABLE_DEBUG_INFO = YES;
				ONLY_ACTIVE_ARCH = YES;
				SDKROOT = iphoneos;
				TARGETED_DEVICE_FAMILY = "1,2";
			};
			name = Debug;
		};
		3B6E6A251A446A7A00C3CFB6 /* Release */ = {
			isa = XCBuildConfiguration;
			buildSettings = {
				ALWAYS_SEARCH_USER_PATHS = NO;
				CLANG_CXX_LANGUAGE_STANDARD = "gnu++0x";
				CLANG_CXX_LIBRARY = "libc++";
				CLANG_ENABLE_MODULES = YES;
				CLANG_ENABLE_OBJC_ARC = YES;
				CLANG_WARN_BOOL_CONVERSION = YES;
				CLANG_WARN_CONSTANT_CONVERSION = YES;
				CLANG_WARN_DIRECT_OBJC_ISA_USAGE = YES_ERROR;
				CLANG_WARN_EMPTY_BODY = YES;
				CLANG_WARN_ENUM_CONVERSION = YES;
				CLANG_WARN_INT_CONVERSION = YES;
				CLANG_WARN_OBJC_ROOT_CLASS = YES_ERROR;
				CLANG_WARN_UNREACHABLE_CODE = YES;
				CLANG_WARN__DUPLICATE_METHOD_MATCH = YES;
				"CODE_SIGN_IDENTITY[sdk=iphoneos*]" = "iPhone Developer";
				COPY_PHASE_STRIP = YES;
				ENABLE_NS_ASSERTIONS = NO;
				ENABLE_STRICT_OBJC_MSGSEND = YES;
				GCC_C_LANGUAGE_STANDARD = gnu99;
				GCC_WARN_64_TO_32_BIT_CONVERSION = YES;
				GCC_WARN_ABOUT_RETURN_TYPE = YES_ERROR;
				GCC_WARN_UNDECLARED_SELECTOR = YES;
				GCC_WARN_UNINITIALIZED_AUTOS = YES_AGGRESSIVE;
				GCC_WARN_UNUSED_FUNCTION = YES;
				GCC_WARN_UNUSED_VARIABLE = YES;
				IPHONEOS_DEPLOYMENT_TARGET = 8.1;
				MTL_ENABLE_DEBUG_INFO = NO;
				SDKROOT = iphoneos;
				TARGETED_DEVICE_FAMILY = "1,2";
				VALIDATE_PRODUCT = YES;
			};
			name = Release;
		};
		3B6E6A271A446A7A00C3CFB6 /* Debug */ = {
			isa = XCBuildConfiguration;
			buildSettings = {
				ASSETCATALOG_COMPILER_APPICON_NAME = AppIcon;
				INFOPLIST_FILE = SalahTime/Info.plist;
				LD_RUNPATH_SEARCH_PATHS = "$(inherited) @executable_path/Frameworks";
				PRODUCT_NAME = "$(TARGET_NAME)";
			};
			name = Debug;
		};
		3B6E6A281A446A7A00C3CFB6 /* Release */ = {
			isa = XCBuildConfiguration;
			buildSettings = {
				ASSETCATALOG_COMPILER_APPICON_NAME = AppIcon;
				INFOPLIST_FILE = SalahTime/Info.plist;
				LD_RUNPATH_SEARCH_PATHS = "$(inherited) @executable_path/Frameworks";
				PRODUCT_NAME = "$(TARGET_NAME)";
			};
			name = Release;
		};
		3B6E6A2A1A446A7A00C3CFB6 /* Debug */ = {
			isa = XCBuildConfiguration;
			buildSettings = {
				BUNDLE_LOADER = "$(TEST_HOST)";
				FRAMEWORK_SEARCH_PATHS = (
					"$(SDKROOT)/Developer/Library/Frameworks",
					"$(inherited)",
				);
				GCC_PREPROCESSOR_DEFINITIONS = (
					"DEBUG=1",
					"$(inherited)",
				);
				INFOPLIST_FILE = SalahTimeTests/Info.plist;
				LD_RUNPATH_SEARCH_PATHS = "$(inherited) @executable_path/Frameworks @loader_path/Frameworks";
				PRODUCT_NAME = "$(TARGET_NAME)";
				TEST_HOST = "$(BUILT_PRODUCTS_DIR)/SalahTime.app/SalahTime";
			};
			name = Debug;
		};
		3B6E6A2B1A446A7A00C3CFB6 /* Release */ = {
			isa = XCBuildConfiguration;
			buildSettings = {
				BUNDLE_LOADER = "$(TEST_HOST)";
				FRAMEWORK_SEARCH_PATHS = (
					"$(SDKROOT)/Developer/Library/Frameworks",
					"$(inherited)",
				);
				INFOPLIST_FILE = SalahTimeTests/Info.plist;
				LD_RUNPATH_SEARCH_PATHS = "$(inherited) @executable_path/Frameworks @loader_path/Frameworks";
				PRODUCT_NAME = "$(TARGET_NAME)";
				TEST_HOST = "$(BUILT_PRODUCTS_DIR)/SalahTime.app/SalahTime";
			};
			name = Release;
		};
/* End XCBuildConfiguration section */

/* Begin XCConfigurationList section */
		3B6E69FE1A446A7900C3CFB6 /* Build configuration list for PBXProject "SalahTime" */ = {
			isa = XCConfigurationList;
			buildConfigurations = (
				3B6E6A241A446A7A00C3CFB6 /* Debug */,
				3B6E6A251A446A7A00C3CFB6 /* Release */,
			);
			defaultConfigurationIsVisible = 0;
			defaultConfigurationName = Release;
		};
		3B6E6A261A446A7A00C3CFB6 /* Build configuration list for PBXNativeTarget "SalahTime" */ = {
			isa = XCConfigurationList;
			buildConfigurations = (
				3B6E6A271A446A7A00C3CFB6 /* Debug */,
				3B6E6A281A446A7A00C3CFB6 /* Release */,
			);
			defaultConfigurationIsVisible = 0;
		};
		3B6E6A291A446A7A00C3CFB6 /* Build configuration list for PBXNativeTarget "SalahTimeTests" */ = {
			isa = XCConfigurationList;
			buildConfigurations = (
				3B6E6A2A1A446A7A00C3CFB6 /* Debug */,
				3B6E6A2B1A446A7A00C3CFB6 /* Release */,
			);
			defaultConfigurationIsVisible = 0;
		};
/* End XCConfigurationList section */
	};
	rootObject = 3B6E69FB1A446A7900C3CFB6 /* Project object */;
}
